// !$*UTF8*$!
{
	archiveVersion = 1;
	classes = {
	};
	objectVersion = 50;
	objects = {

/* Begin PBXBuildFile section */
		67C18D412556C64C00D4CE6F /* UI_29App.swift in Sources */ = {isa = PBXBuildFile; fileRef = 67C18D402556C64C00D4CE6F /* UI_29App.swift */; };
		67C18D432556C64C00D4CE6F /* ContentView.swift in Sources */ = {isa = PBXBuildFile; fileRef = 67C18D422556C64C00D4CE6F /* ContentView.swift */; };
		67C18D452556C64D00D4CE6F /* Assets.xcassets in Resources */ = {isa = PBXBuildFile; fileRef = 67C18D442556C64D00D4CE6F /* Assets.xcassets */; };
		67C18D482556C64D00D4CE6F /* Preview Assets.xcassets in Resources */ = {isa = PBXBuildFile; fileRef = 67C18D472556C64D00D4CE6F /* Preview Assets.xcassets */; };
		67C18D532556C64D00D4CE6F /* UI_29Tests.swift in Sources */ = {isa = PBXBuildFile; fileRef = 67C18D522556C64D00D4CE6F /* UI_29Tests.swift */; };
		67C18D5E2556C64D00D4CE6F /* UI_29UITests.swift in Sources */ = {isa = PBXBuildFile; fileRef = 67C18D5D2556C64D00D4CE6F /* UI_29UITests.swift */; };
/* End PBXBuildFile section */

/* Begin PBXContainerItemProxy section */
		67C18D4F2556C64D00D4CE6F /* PBXContainerItemProxy */ = {
			isa = PBXContainerItemProxy;
			containerPortal = 67C18D352556C64C00D4CE6F /* Project object */;
			proxyType = 1;
			remoteGlobalIDString = 67C18D3C2556C64C00D4CE6F;
			remoteInfo = "UI-29";
		};
		67C18D5A2556C64D00D4CE6F /* PBXContainerItemProxy */ = {
			isa = PBXContainerItemProxy;
			containerPortal = 67C18D352556C64C00D4CE6F /* Project object */;
			proxyType = 1;
			remoteGlobalIDString = 67C18D3C2556C64C00D4CE6F;
			remoteInfo = "UI-29";
		};
/* End PBXContainerItemProxy section */

/* Begin PBXFileReference section */
		67C18D3D2556C64C00D4CE6F /* UI-29.app */ = {isa = PBXFileReference; explicitFileType = wrapper.application; includeInIndex = 0; path = "UI-29.app"; sourceTree = BUILT_PRODUCTS_DIR; };
		67C18D402556C64C00D4CE6F /* UI_29App.swift */ = {isa = PBXFileReference; lastKnownFileType = sourcecode.swift; path = UI_29App.swift; sourceTree = "<group>"; };
		67C18D422556C64C00D4CE6F /* ContentView.swift */ = {isa = PBXFileReference; lastKnownFileType = sourcecode.swift; path = ContentView.swift; sourceTree = "<group>"; };
		67C18D442556C64D00D4CE6F /* Assets.xcassets */ = {isa = PBXFileReference; lastKnownFileType = folder.assetcatalog; path = Assets.xcassets; sourceTree = "<group>"; };
		67C18D472556C64D00D4CE6F /* Preview Assets.xcassets */ = {isa = PBXFileReference; lastKnownFileType = folder.assetcatalog; path = "Preview Assets.xcassets"; sourceTree = "<group>"; };
		67C18D492556C64D00D4CE6F /* Info.plist */ = {isa = PBXFileReference; lastKnownFileType = text.plist.xml; path = Info.plist; sourceTree = "<group>"; };
		67C18D4E2556C64D00D4CE6F /* UI-29Tests.xctest */ = {isa = PBXFileReference; explicitFileType = wrapper.cfbundle; includeInIndex = 0; path = "UI-29Tests.xctest"; sourceTree = BUILT_PRODUCTS_DIR; };
		67C18D522556C64D00D4CE6F /* UI_29Tests.swift */ = {isa = PBXFileReference; lastKnownFileType = sourcecode.swift; path = UI_29Tests.swift; sourceTree = "<group>"; };
		67C18D542556C64D00D4CE6F /* Info.plist */ = {isa = PBXFileReference; lastKnownFileType = text.plist.xml; path = Info.plist; sourceTree = "<group>"; };
		67C18D592556C64D00D4CE6F /* UI-29UITests.xctest */ = {isa = PBXFileReference; explicitFileType = wrapper.cfbundle; includeInIndex = 0; path = "UI-29UITests.xctest"; sourceTree = BUILT_PRODUCTS_DIR; };
		67C18D5D2556C64D00D4CE6F /* UI_29UITests.swift */ = {isa = PBXFileReference; lastKnownFileType = sourcecode.swift; path = UI_29UITests.swift; sourceTree = "<group>"; };
		67C18D5F2556C64D00D4CE6F /* Info.plist */ = {isa = PBXFileReference; lastKnownFileType = text.plist.xml; path = Info.plist; sourceTree = "<group>"; };
/* End PBXFileReference section */

/* Begin PBXFrameworksBuildPhase section */
		67C18D3A2556C64C00D4CE6F /* Frameworks */ = {
			isa = PBXFrameworksBuildPhase;
			buildActionMask = 2147483647;
			files = (
			);
			runOnlyForDeploymentPostprocessing = 0;
		};
		67C18D4B2556C64D00D4CE6F /* Frameworks */ = {
			isa = PBXFrameworksBuildPhase;
			buildActionMask = 2147483647;
			files = (
			);
			runOnlyForDeploymentPostprocessing = 0;
		};
		67C18D562556C64D00D4CE6F /* Frameworks */ = {
			isa = PBXFrameworksBuildPhase;
			buildActionMask = 2147483647;
			files = (
			);
			runOnlyForDeploymentPostprocessing = 0;
		};
/* End PBXFrameworksBuildPhase section */

/* Begin PBXGroup section */
		67C18D342556C64C00D4CE6F = {
			isa = PBXGroup;
			children = (
				67C18D3F2556C64C00D4CE6F /* UI-29 */,
				67C18D512556C64D00D4CE6F /* UI-29Tests */,
				67C18D5C2556C64D00D4CE6F /* UI-29UITests */,
				67C18D3E2556C64C00D4CE6F /* Products */,
			);
			sourceTree = "<group>";
		};
		67C18D3E2556C64C00D4CE6F /* Products */ = {
			isa = PBXGroup;
			children = (
				67C18D3D2556C64C00D4CE6F /* UI-29.app */,
				67C18D4E2556C64D00D4CE6F /* UI-29Tests.xctest */,
				67C18D592556C64D00D4CE6F /* UI-29UITests.xctest */,
			);
			name = Products;
			sourceTree = "<group>";
		};
		67C18D3F2556C64C00D4CE6F /* UI-29 */ = {
			isa = PBXGroup;
			children = (
				67C18D402556C64C00D4CE6F /* UI_29App.swift */,
				67C18D422556C64C00D4CE6F /* ContentView.swift */,
				67C18D442556C64D00D4CE6F /* Assets.xcassets */,
				67C18D492556C64D00D4CE6F /* Info.plist */,
				67C18D462556C64D00D4CE6F /* Preview Content */,
			);
			path = "UI-29";
			sourceTree = "<group>";
		};
		67C18D462556C64D00D4CE6F /* Preview Content */ = {
			isa = PBXGroup;
			children = (
				67C18D472556C64D00D4CE6F /* Preview Assets.xcassets */,
			);
			path = "Preview Content";
			sourceTree = "<group>";
		};
		67C18D512556C64D00D4CE6F /* UI-29Tests */ = {
			isa = PBXGroup;
			children = (
				67C18D522556C64D00D4CE6F /* UI_29Tests.swift */,
				67C18D542556C64D00D4CE6F /* Info.plist */,
			);
			path = "UI-29Tests";
			sourceTree = "<group>";
		};
		67C18D5C2556C64D00D4CE6F /* UI-29UITests */ = {
			isa = PBXGroup;
			children = (
				67C18D5D2556C64D00D4CE6F /* UI_29UITests.swift */,
				67C18D5F2556C64D00D4CE6F /* Info.plist */,
			);
			path = "UI-29UITests";
			sourceTree = "<group>";
		};
/* End PBXGroup section */

/* Begin PBXNativeTarget section */
		67C18D3C2556C64C00D4CE6F /* UI-29 */ = {
			isa = PBXNativeTarget;
			buildConfigurationList = 67C18D622556C64D00D4CE6F /* Build configuration list for PBXNativeTarget "UI-29" */;
			buildPhases = (
				67C18D392556C64C00D4CE6F /* Sources */,
				67C18D3A2556C64C00D4CE6F /* Frameworks */,
				67C18D3B2556C64C00D4CE6F /* Resources */,
			);
			buildRules = (
			);
			dependencies = (
			);
			name = "UI-29";
			productName = "UI-29";
			productReference = 67C18D3D2556C64C00D4CE6F /* UI-29.app */;
			productType = "com.apple.product-type.application";
		};
		67C18D4D2556C64D00D4CE6F /* UI-29Tests */ = {
			isa = PBXNativeTarget;
			buildConfigurationList = 67C18D652556C64D00D4CE6F /* Build configuration list for PBXNativeTarget "UI-29Tests" */;
			buildPhases = (
				67C18D4A2556C64D00D4CE6F /* Sources */,
				67C18D4B2556C64D00D4CE6F /* Frameworks */,
				67C18D4C2556C64D00D4CE6F /* Resources */,
			);
			buildRules = (
			);
			dependencies = (
				67C18D502556C64D00D4CE6F /* PBXTargetDependency */,
			);
			name = "UI-29Tests";
			productName = "UI-29Tests";
			productReference = 67C18D4E2556C64D00D4CE6F /* UI-29Tests.xctest */;
			productType = "com.apple.product-type.bundle.unit-test";
		};
		67C18D582556C64D00D4CE6F /* UI-29UITests */ = {
			isa = PBXNativeTarget;
			buildConfigurationList = 67C18D682556C64D00D4CE6F /* Build configuration list for PBXNativeTarget "UI-29UITests" */;
			buildPhases = (
				67C18D552556C64D00D4CE6F /* Sources */,
				67C18D562556C64D00D4CE6F /* Frameworks */,
				67C18D572556C64D00D4CE6F /* Resources */,
			);
			buildRules = (
			);
			dependencies = (
				67C18D5B2556C64D00D4CE6F /* PBXTargetDependency */,
			);
			name = "UI-29UITests";
			productName = "UI-29UITests";
			productReference = 67C18D592556C64D00D4CE6F /* UI-29UITests.xctest */;
			productType = "com.apple.product-type.bundle.ui-testing";
		};
/* End PBXNativeTarget section */

/* Begin PBXProject section */
		67C18D352556C64C00D4CE6F /* Project object */ = {
			isa = PBXProject;
			attributes = {
				LastSwiftUpdateCheck = 1210;
				LastUpgradeCheck = 1210;
				TargetAttributes = {
					67C18D3C2556C64C00D4CE6F = {
						CreatedOnToolsVersion = 12.1;
					};
					67C18D4D2556C64D00D4CE6F = {
						CreatedOnToolsVersion = 12.1;
						TestTargetID = 67C18D3C2556C64C00D4CE6F;
					};
					67C18D582556C64D00D4CE6F = {
						CreatedOnToolsVersion = 12.1;
						TestTargetID = 67C18D3C2556C64C00D4CE6F;
					};
				};
			};
			buildConfigurationList = 67C18D382556C64C00D4CE6F /* Build configuration list for PBXProject "UI-29" */;
			compatibilityVersion = "Xcode 9.3";
			developmentRegion = en;
			hasScannedForEncodings = 0;
			knownRegions = (
				en,
				Base,
			);
			mainGroup = 67C18D342556C64C00D4CE6F;
			productRefGroup = 67C18D3E2556C64C00D4CE6F /* Products */;
			projectDirPath = "";
			projectRoot = "";
			targets = (
				67C18D3C2556C64C00D4CE6F /* UI-29 */,
				67C18D4D2556C64D00D4CE6F /* UI-29Tests */,
				67C18D582556C64D00D4CE6F /* UI-29UITests */,
			);
		};
/* End PBXProject section */

/* Begin PBXResourcesBuildPhase section */
		67C18D3B2556C64C00D4CE6F /* Resources */ = {
			isa = PBXResourcesBuildPhase;
			buildActionMask = 2147483647;
			files = (
				67C18D482556C64D00D4CE6F /* Preview Assets.xcassets in Resources */,
				67C18D452556C64D00D4CE6F /* Assets.xcassets in Resources */,
			);
			runOnlyForDeploymentPostprocessing = 0;
		};
		67C18D4C2556C64D00D4CE6F /* Resources */ = {
			isa = PBXResourcesBuildPhase;
			buildActionMask = 2147483647;
			files = (
			);
			runOnlyForDeploymentPostprocessing = 0;
		};
		67C18D572556C64D00D4CE6F /* Resources */ = {
			isa = PBXResourcesBuildPhase;
			buildActionMask = 2147483647;
			files = (
			);
			runOnlyForDeploymentPostprocessing = 0;
		};
/* End PBXResourcesBuildPhase section */

/* Begin PBXSourcesBuildPhase section */
		67C18D392556C64C00D4CE6F /* Sources */ = {
			isa = PBXSourcesBuildPhase;
			buildActionMask = 2147483647;
			files = (
				67C18D432556C64C00D4CE6F /* ContentView.swift in Sources */,
				67C18D412556C64C00D4CE6F /* UI_29App.swift in Sources */,
			);
			runOnlyForDeploymentPostprocessing = 0;
		};
		67C18D4A2556C64D00D4CE6F /* Sources */ = {
			isa = PBXSourcesBuildPhase;
			buildActionMask = 2147483647;
			files = (
				67C18D532556C64D00D4CE6F /* UI_29Tests.swift in Sources */,
			);
			runOnlyForDeploymentPostprocessing = 0;
		};
		67C18D552556C64D00D4CE6F /* Sources */ = {
			isa = PBXSourcesBuildPhase;
			buildActionMask = 2147483647;
			files = (
				67C18D5E2556C64D00D4CE6F /* UI_29UITests.swift in Sources */,
			);
			runOnlyForDeploymentPostprocessing = 0;
		};
/* End PBXSourcesBuildPhase section */

/* Begin PBXTargetDependency section */
		67C18D502556C64D00D4CE6F /* PBXTargetDependency */ = {
			isa = PBXTargetDependency;
			target = 67C18D3C2556C64C00D4CE6F /* UI-29 */;
			targetProxy = 67C18D4F2556C64D00D4CE6F /* PBXContainerItemProxy */;
		};
		67C18D5B2556C64D00D4CE6F /* PBXTargetDependency */ = {
			isa = PBXTargetDependency;
			target = 67C18D3C2556C64C00D4CE6F /* UI-29 */;
			targetProxy = 67C18D5A2556C64D00D4CE6F /* PBXContainerItemProxy */;
		};
/* End PBXTargetDependency section */

/* Begin XCBuildConfiguration section */
		67C18D602556C64D00D4CE6F /* Debug */ = {
			isa = XCBuildConfiguration;
			buildSettings = {
				ALWAYS_SEARCH_USER_PATHS = NO;
				CLANG_ANALYZER_NONNULL = YES;
				CLANG_ANALYZER_NUMBER_OBJECT_CONVERSION = YES_AGGRESSIVE;
				CLANG_CXX_LANGUAGE_STANDARD = "gnu++14";
				CLANG_CXX_LIBRARY = "libc++";
				CLANG_ENABLE_MODULES = YES;
				CLANG_ENABLE_OBJC_ARC = YES;
				CLANG_ENABLE_OBJC_WEAK = YES;
				CLANG_WARN_BLOCK_CAPTURE_AUTORELEASING = YES;
				CLANG_WARN_BOOL_CONVERSION = YES;
				CLANG_WARN_COMMA = YES;
				CLANG_WARN_CONSTANT_CONVERSION = YES;
				CLANG_WARN_DEPRECATED_OBJC_IMPLEMENTATIONS = YES;
				CLANG_WARN_DIRECT_OBJC_ISA_USAGE = YES_ERROR;
				CLANG_WARN_DOCUMENTATION_COMMENTS = YES;
				CLANG_WARN_EMPTY_BODY = YES;
				CLANG_WARN_ENUM_CONVERSION = YES;
				CLANG_WARN_INFINITE_RECURSION = YES;
				CLANG_WARN_INT_CONVERSION = YES;
				CLANG_WARN_NON_LITERAL_NULL_CONVERSION = YES;
				CLANG_WARN_OBJC_IMPLICIT_RETAIN_SELF = YES;
				CLANG_WARN_OBJC_LITERAL_CONVERSION = YES;
				CLANG_WARN_OBJC_ROOT_CLASS = YES_ERROR;
				CLANG_WARN_QUOTED_INCLUDE_IN_FRAMEWORK_HEADER = YES;
				CLANG_WARN_RANGE_LOOP_ANALYSIS = YES;
				CLANG_WARN_STRICT_PROTOTYPES = YES;
				CLANG_WARN_SUSPICIOUS_MOVE = YES;
				CLANG_WARN_UNGUARDED_AVAILABILITY = YES_AGGRESSIVE;
				CLANG_WARN_UNREACHABLE_CODE = YES;
				CLANG_WARN__DUPLICATE_METHOD_MATCH = YES;
				COPY_PHASE_STRIP = NO;
				DEBUG_INFORMATION_FORMAT = dwarf;
				ENABLE_STRICT_OBJC_MSGSEND = YES;
				ENABLE_TESTABILITY = YES;
				GCC_C_LANGUAGE_STANDARD = gnu11;
				GCC_DYNAMIC_NO_PIC = NO;
				GCC_NO_COMMON_BLOCKS = YES;
				GCC_OPTIMIZATION_LEVEL = 0;
				GCC_PREPROCESSOR_DEFINITIONS = (
					"DEBUG=1",
					"$(inherited)",
				);
				GCC_WARN_64_TO_32_BIT_CONVERSION = YES;
				GCC_WARN_ABOUT_RETURN_TYPE = YES_ERROR;
				GCC_WARN_UNDECLARED_SELECTOR = YES;
				GCC_WARN_UNINITIALIZED_AUTOS = YES_AGGRESSIVE;
				GCC_WARN_UNUSED_FUNCTION = YES;
				GCC_WARN_UNUSED_VARIABLE = YES;
				IPHONEOS_DEPLOYMENT_TARGET = 14.1;
				MTL_ENABLE_DEBUG_INFO = INCLUDE_SOURCE;
				MTL_FAST_MATH = YES;
				ONLY_ACTIVE_ARCH = YES;
				SDKROOT = iphoneos;
				SWIFT_ACTIVE_COMPILATION_CONDITIONS = DEBUG;
				SWIFT_OPTIMIZATION_LEVEL = "-Onone";
			};
			name = Debug;
		};
		67C18D612556C64D00D4CE6F /* Release */ = {
			isa = XCBuildConfiguration;
			buildSettings = {
				ALWAYS_SEARCH_USER_PATHS = NO;
				CLANG_ANALYZER_NONNULL = YES;
				CLANG_ANALYZER_NUMBER_OBJECT_CONVERSION = YES_AGGRESSIVE;
				CLANG_CXX_LANGUAGE_STANDARD = "gnu++14";
				CLANG_CXX_LIBRARY = "libc++";
				CLANG_ENABLE_MODULES = YES;
				CLANG_ENABLE_OBJC_ARC = YES;
				CLANG_ENABLE_OBJC_WEAK = YES;
				CLANG_WARN_BLOCK_CAPTURE_AUTORELEASING = YES;
				CLANG_WARN_BOOL_CONVERSION = YES;
				CLANG_WARN_COMMA = YES;
				CLANG_WARN_CONSTANT_CONVERSION = YES;
				CLANG_WARN_DEPRECATED_OBJC_IMPLEMENTATIONS = YES;
				CLANG_WARN_DIRECT_OBJC_ISA_USAGE = YES_ERROR;
				CLANG_WARN_DOCUMENTATION_COMMENTS = YES;
				CLANG_WARN_EMPTY_BODY = YES;
				CLANG_WARN_ENUM_CONVERSION = YES;
				CLANG_WARN_INFINITE_RECURSION = YES;
				CLANG_WARN_INT_CONVERSION = YES;
				CLANG_WARN_NON_LITERAL_NULL_CONVERSION = YES;
				CLANG_WARN_OBJC_IMPLICIT_RETAIN_SELF = YES;
				CLANG_WARN_OBJC_LITERAL_CONVERSION = YES;
				CLANG_WARN_OBJC_ROOT_CLASS = YES_ERROR;
				CLANG_WARN_QUOTED_INCLUDE_IN_FRAMEWORK_HEADER = YES;
				CLANG_WARN_RANGE_LOOP_ANALYSIS = YES;
				CLANG_WARN_STRICT_PROTOTYPES = YES;
				CLANG_WARN_SUSPICIOUS_MOVE = YES;
				CLANG_WARN_UNGUARDED_AVAILABILITY = YES_AGGRESSIVE;
				CLANG_WARN_UNREACHABLE_CODE = YES;
				CLANG_WARN__DUPLICATE_METHOD_MATCH = YES;
				COPY_PHASE_STRIP = NO;
				DEBUG_INFORMATION_FORMAT = "dwarf-with-dsym";
				ENABLE_NS_ASSERTIONS = NO;
				ENABLE_STRICT_OBJC_MSGSEND = YES;
				GCC_C_LANGUAGE_STANDARD = gnu11;
				GCC_NO_COMMON_BLOCKS = YES;
				GCC_WARN_64_TO_32_BIT_CONVERSION = YES;
				GCC_WARN_ABOUT_RETURN_TYPE = YES_ERROR;
				GCC_WARN_UNDECLARED_SELECTOR = YES;
				GCC_WARN_UNINITIALIZED_AUTOS = YES_AGGRESSIVE;
				GCC_WARN_UNUSED_FUNCTION = YES;
				GCC_WARN_UNUSED_VARIABLE = YES;
				IPHONEOS_DEPLOYMENT_TARGET = 14.1;
				MTL_ENABLE_DEBUG_INFO = NO;
				MTL_FAST_MATH = YES;
				SDKROOT = iphoneos;
				SWIFT_COMPILATION_MODE = wholemodule;
				SWIFT_OPTIMIZATION_LEVEL = "-O";
				VALIDATE_PRODUCT = YES;
			};
			name = Release;
		};
		67C18D632556C64D00D4CE6F /* Debug */ = {
			isa = XCBuildConfiguration;
			buildSettings = {
				ASSETCATALOG_COMPILER_APPICON_NAME = AppIcon;
				ASSETCATALOG_COMPILER_GLOBAL_ACCENT_COLOR_NAME = AccentColor;
				CODE_SIGN_STYLE = Automatic;
				DEVELOPMENT_ASSET_PATHS = "\"UI-29/Preview Content\"";
				ENABLE_PREVIEWS = YES;
				INFOPLIST_FILE = "UI-29/Info.plist";
				IPHONEOS_DEPLOYMENT_TARGET = 14.0;
				LD_RUNPATH_SEARCH_PATHS = (
					"$(inherited)",
					"@executable_path/Frameworks",
				);
				PRODUCT_BUNDLE_IDENTIFIER = "com.uzu.UI-29";
				PRODUCT_NAME = "$(TARGET_NAME)";
				SWIFT_VERSION = 5.0;
				TARGETED_DEVICE_FAMILY = "1,2";
			};
			name = Debug;
		};
		67C18D642556C64D00D4CE6F /* Release */ = {
			isa = XCBuildConfiguration;
			buildSettings = {
				ASSETCATALOG_COMPILER_APPICON_NAME = AppIcon;
				ASSETCATALOG_COMPILER_GLOBAL_ACCENT_COLOR_NAME = AccentColor;
				CODE_SIGN_STYLE = Automatic;
				DEVELOPMENT_ASSET_PATHS = "\"UI-29/Preview Content\"";
				ENABLE_PREVIEWS = YES;
				INFOPLIST_FILE = "UI-29/Info.plist";
				IPHONEOS_DEPLOYMENT_TARGET = 14.0;
				LD_RUNPATH_SEARCH_PATHS = (
					"$(inherited)",
					"@executable_path/Frameworks",
				);
				PRODUCT_BUNDLE_IDENTIFIER = "com.uzu.UI-29";
				PRODUCT_NAME = "$(TARGET_NAME)";
				SWIFT_VERSION = 5.0;
				TARGETED_DEVICE_FAMILY = "1,2";
			};
			name = Release;
		};
		67C18D662556C64D00D4CE6F /* Debug */ = {
			isa = XCBuildConfiguration;
			buildSettings = {
				ALWAYS_EMBED_SWIFT_STANDARD_LIBRARIES = YES;
				BUNDLE_LOADER = "$(TEST_HOST)";
				CODE_SIGN_STYLE = Automatic;
				INFOPLIST_FILE = "UI-29Tests/Info.plist";
				IPHONEOS_DEPLOYMENT_TARGET = 14.0;
				LD_RUNPATH_SEARCH_PATHS = (
					"$(inherited)",
					"@executable_path/Frameworks",
					"@loader_path/Frameworks",
				);
				PRODUCT_BUNDLE_IDENTIFIER = "com.uzu.UI-29Tests";
				PRODUCT_NAME = "$(TARGET_NAME)";
				SWIFT_VERSION = 5.0;
				TARGETED_DEVICE_FAMILY = "1,2";
				TEST_HOST = "$(BUILT_PRODUCTS_DIR)/UI-29.app/UI-29";
			};
			name = Debug;
		};
		67C18D672556C64D00D4CE6F /* Release */ = {
			isa = XCBuildConfiguration;
			buildSettings = {
				ALWAYS_EMBED_SWIFT_STANDARD_LIBRARIES = YES;
				BUNDLE_LOADER = "$(TEST_HOST)";
				CODE_SIGN_STYLE = Automatic;
				INFOPLIST_FILE = "UI-29Tests/Info.plist";
				IPHONEOS_DEPLOYMENT_TARGET = 14.0;
				LD_RUNPATH_SEARCH_PATHS = (
					"$(inherited)",
					"@executable_path/Frameworks",
					"@loader_path/Frameworks",
				);
				PRODUCT_BUNDLE_IDENTIFIER = "com.uzu.UI-29Tests";
				PRODUCT_NAME = "$(TARGET_NAME)";
				SWIFT_VERSION = 5.0;
				TARGETED_DEVICE_FAMILY = "1,2";
				TEST_HOST = "$(BUILT_PRODUCTS_DIR)/UI-29.app/UI-29";
			};
			name = Release;
		};
		67C18D692556C64D00D4CE6F /* Debug */ = {
			isa = XCBuildConfiguration;
			buildSettings = {
				ALWAYS_EMBED_SWIFT_STANDARD_LIBRARIES = YES;
				CODE_SIGN_STYLE = Automatic;
				INFOPLIST_FILE = "UI-29UITests/Info.plist";
				LD_RUNPATH_SEARCH_PATHS = (
					"$(inherited)",
					"@executable_path/Frameworks",
					"@loader_path/Frameworks",
				);
				PRODUCT_BUNDLE_IDENTIFIER = "com.uzu.UI-29UITests";
				PRODUCT_NAME = "$(TARGET_NAME)";
				SWIFT_VERSION = 5.0;
				TARGETED_DEVICE_FAMILY = "1,2";
				TEST_TARGET_NAME = "UI-29";
			};
			name = Debug;
		};
		67C18D6A2556C64D00D4CE6F /* Release */ = {
			isa = XCBuildConfiguration;
			buildSettings = {
				ALWAYS_EMBED_SWIFT_STANDARD_LIBRARIES = YES;
				CODE_SIGN_STYLE = Automatic;
				INFOPLIST_FILE = "UI-29UITests/Info.plist";
				LD_RUNPATH_SEARCH_PATHS = (
					"$(inherited)",
					"@executable_path/Frameworks",
					"@loader_path/Frameworks",
				);
				PRODUCT_BUNDLE_IDENTIFIER = "com.uzu.UI-29UITests";
				PRODUCT_NAME = "$(TARGET_NAME)";
				SWIFT_VERSION = 5.0;
				TARGETED_DEVICE_FAMILY = "1,2";
				TEST_TARGET_NAME = "UI-29";
			};
			name = Release;
		};
/* End XCBuildConfiguration section */

/* Begin XCConfigurationList section */
		67C18D382556C64C00D4CE6F /* Build configuration list for PBXProject "UI-29" */ = {
			isa = XCConfigurationList;
			buildConfigurations = (
				67C18D602556C64D00D4CE6F /* Debug */,
				67C18D612556C64D00D4CE6F /* Release */,
			);
			defaultConfigurationIsVisible = 0;
			defaultConfigurationName = Release;
		};
		67C18D622556C64D00D4CE6F /* Build configuration list for PBXNativeTarget "UI-29" */ = {
			isa = XCConfigurationList;
			buildConfigurations = (
				67C18D632556C64D00D4CE6F /* Debug */,
				67C18D642556C64D00D4CE6F /* Release */,
			);
			defaultConfigurationIsVisible = 0;
			defaultConfigurationName = Release;
		};
		67C18D652556C64D00D4CE6F /* Build configuration list for PBXNativeTarget "UI-29Tests" */ = {
			isa = XCConfigurationList;
			buildConfigurations = (
				67C18D662556C64D00D4CE6F /* Debug */,
				67C18D672556C64D00D4CE6F /* Release */,
			);
			defaultConfigurationIsVisible = 0;
			defaultConfigurationName = Release;
		};
		67C18D682556C64D00D4CE6F /* Build configuration list for PBXNativeTarget "UI-29UITests" */ = {
			isa = XCConfigurationList;
			buildConfigurations = (
				67C18D692556C64D00D4CE6F /* Debug */,
				67C18D6A2556C64D00D4CE6F /* Release */,
			);
			defaultConfigurationIsVisible = 0;
			defaultConfigurationName = Release;
		};
/* End XCConfigurationList section */
	};
	rootObject = 67C18D352556C64C00D4CE6F /* Project object */;
}
